{
  "name": "translation-master",
  "version": "1.0.0",
  "lockfileVersion": 2,
  "requires": true,
  "packages": {
    "": {
      "name": "translation-master",
      "version": "1.0.0",
      "license": "ISC",
      "dependencies": {
        "google-translate-api-x": "^10.5.2"
      }
    },
    "node_modules/google-translate-api-x": {
      "version": "10.5.2",
      "resolved": "https://registry.npmjs.org/google-translate-api-x/-/google-translate-api-x-10.5.2.tgz",
      "integrity": "sha512-Bw18UbL1i7/fcyTPnLdCMtMpQgJGMh98Za33WrvNxk4AwV3ajWU6U81RaiyeqzYL7F0+YHzlX8erh1Lus4jVew==",
      "engines": {
        "node": ">=14.0.0"
      }
    }
  },
  "dependencies": {
    "google-translate-api-x": {
      "version": "10.5.2",
      "resolved": "https://registry.npmjs.org/google-translate-api-x/-/google-translate-api-x-10.5.2.tgz",
      "integrity": "sha512-Bw18UbL1i7/fcyTPnLdCMtMpQgJGMh98Za33WrvNxk4AwV3ajWU6U81RaiyeqzYL7F0+YHzlX8erh1Lus4jVew=="
    }
  }
}
